
Microsoft Visual Studio Solution File, Format Version 12.00
# Visual Studio Version 17
VisualStudioVersion = 17.5.33530.505
MinimumVisualStudioVersion = 10.0.40219.1
Project("{FAE04EC0-301F-11D3-BF4B-00C04F79EFBC}") = "Controle_De_OS", "Controle_De_OS.csproj", "{89190A78-855F-4B0B-8366-FBF90BF122EB}"
EndProject
Global
	GlobalSection(SolutionConfigurationPlatforms) = preSolution
		Debug|Any CPU = Debug|Any CPU
		Release|Any CPU = Release|Any CPU
	EndGlobalSection
	GlobalSection(ProjectConfigurationPlatforms) = postSolution
		{89190A78-855F-4B0B-8366-FBF90BF122EB}.Debug|Any CPU.ActiveCfg = Debug|Any CPU
		{89190A78-855F-4B0B-8366-FBF90BF122EB}.Debug|Any CPU.Build.0 = Debug|Any CPU
		{89190A78-855F-4B0B-8366-FBF90BF122EB}.Release|Any CPU.ActiveCfg = Release|Any CPU
		{89190A78-855F-4B0B-8366-FBF90BF122EB}.Release|Any CPU.Build.0 = Release|Any CPU
	EndGlobalSection
	GlobalSection(SolutionProperties) = preSolution
		HideSolutionNode = FALSE
	EndGlobalSection
	GlobalSection(ExtensibilityGlobals) = postSolution
		SolutionGuid = {C1C49B8D-1623-4F53-BD2F-64B7978EA086}
	EndGlobalSection
EndGlobal
